
Microsoft Visual Studio Solution File, Format Version 12.00
# Visual Studio Version 16
VisualStudioVersion = 16.0.31112.23
MinimumVisualStudioVersion = 10.0.40219.1
Project("{FAE04EC0-301F-11D3-BF4B-00C04F79EFBC}") = "Exercise01", "Exercise01\Exercise01.csproj", "{18F2EBC6-8F06-4F0B-B02E-ACA957481B0E}"
EndProject
Project("{FAE04EC0-301F-11D3-BF4B-00C04F79EFBC}") = "Exercise02", "Exercise02\Exercise02.csproj", "{10B5C9EE-0E1A-4D09-9675-ECA5F18254BF}"
EndProject
Global
	GlobalSection(SolutionConfigurationPlatforms) = preSolution
		Debug|Any CPU = Debug|Any CPU
		Release|Any CPU = Release|Any CPU
	EndGlobalSection
	GlobalSection(ProjectConfigurationPlatforms) = postSolution
		{18F2EBC6-8F06-4F0B-B02E-ACA957481B0E}.Debug|Any CPU.ActiveCfg = Debug|Any CPU
		{18F2EBC6-8F06-4F0B-B02E-ACA957481B0E}.Debug|Any CPU.Build.0 = Debug|Any CPU
		{18F2EBC6-8F06-4F0B-B02E-ACA957481B0E}.Release|Any CPU.ActiveCfg = Release|Any CPU
		{18F2EBC6-8F06-4F0B-B02E-ACA957481B0E}.Release|Any CPU.Build.0 = Release|Any CPU
		{10B5C9EE-0E1A-4D09-9675-ECA5F18254BF}.Debug|Any CPU.ActiveCfg = Debug|Any CPU
		{10B5C9EE-0E1A-4D09-9675-ECA5F18254BF}.Debug|Any CPU.Build.0 = Debug|Any CPU
		{10B5C9EE-0E1A-4D09-9675-ECA5F18254BF}.Release|Any CPU.ActiveCfg = Release|Any CPU
		{10B5C9EE-0E1A-4D09-9675-ECA5F18254BF}.Release|Any CPU.Build.0 = Release|Any CPU
	EndGlobalSection
	GlobalSection(SolutionProperties) = preSolution
		HideSolutionNode = FALSE
	EndGlobalSection
	GlobalSection(ExtensibilityGlobals) = postSolution
		SolutionGuid = {C48E43D1-0811-4580-80B0-CC12D4FB2566}
	EndGlobalSection
EndGlobal
