
Microsoft Visual Studio Solution File, Format Version 12.00
# Visual Studio Version 16
VisualStudioVersion = 16.0.31112.23
MinimumVisualStudioVersion = 10.0.40219.1
Project("{9A19103F-16F7-4668-BE54-9A1E7A4F7556}") = "Task01", "C:\Users\Andrej\source\repos\Homework07(Class08)\Task01\Task01.csproj", "{4186B147-0E29-486B-945A-1C65E88CEDA6}"
EndProject
Global
	GlobalSection(SolutionConfigurationPlatforms) = preSolution
		Debug|Any CPU = Debug|Any CPU
		Release|Any CPU = Release|Any CPU
	EndGlobalSection
	GlobalSection(ProjectConfigurationPlatforms) = postSolution
		{4186B147-0E29-486B-945A-1C65E88CEDA6}.Debug|Any CPU.ActiveCfg = Debug|Any CPU
		{4186B147-0E29-486B-945A-1C65E88CEDA6}.Debug|Any CPU.Build.0 = Debug|Any CPU
		{4186B147-0E29-486B-945A-1C65E88CEDA6}.Release|Any CPU.ActiveCfg = Release|Any CPU
		{4186B147-0E29-486B-945A-1C65E88CEDA6}.Release|Any CPU.Build.0 = Release|Any CPU
	EndGlobalSection
	GlobalSection(SolutionProperties) = preSolution
		HideSolutionNode = FALSE
	EndGlobalSection
	GlobalSection(ExtensibilityGlobals) = postSolution
		SolutionGuid = {2AD1ABF0-9A6F-48B9-A668-DDCD1A276D96}
	EndGlobalSection
EndGlobal
